{
  "requires": true,
  "lockfileVersion": 1,
  "dependencies": {
    "@babel/runtime": {
      "version": "7.6.2",
      "resolved": "https://registry.npmjs.org/@babel/runtime/-/runtime-7.6.2.tgz",
      "integrity": "sha512-EXxN64agfUqqIGeEjI5dL5z0Sw0ZwWo1mLTi4mQowCZ42O59b7DRpZAnTC6OqdF28wMBMFKNb/4uFGrVaigSpg==",
      "requires": {
        "regenerator-runtime": "^0.13.2"
      }
    },
    "commander": {
      "version": "2.20.0",
      "resolved": "https://registry.npmjs.org/commander/-/commander-2.20.0.tgz",
      "integrity": "sha512-7j2y+40w61zy6YC2iRNpUe/NwhNyoXrYpHMrSunaMG64nRnaf96zO/KMQR4OyN/UnE5KLyEBnKHd4aG3rskjpQ=="
    },
    "i18next": {
      "version": "17.0.18",
      "resolved": "https://registry.npmjs.org/i18next/-/i18next-17.0.18.tgz",
      "integrity": "sha512-FpLbLwzYV/qen9ZTA+mOHiNzLxESnF+sQCe5wT7UShssfDiW/df5JdXuxnPsPQiUd+M1kpB3Jaawcn9RN6atig==",
      "requires": {
        "@babel/runtime": "^7.3.1"
      }
    },
    "minimist": {
      "version": "0.0.8",
      "resolved": "https://registry.npmjs.org/minimist/-/minimist-0.0.8.tgz",
      "integrity": "sha1-hX/Kv8M5fSYluCKCYuhqp6ARsF0="
    },
    "mkdirp": {
      "version": "0.5.1",
      "resolved": "https://registry.npmjs.org/mkdirp/-/mkdirp-0.5.1.tgz",
      "integrity": "sha1-MAV0OOrGz3+MR2fzhkjWaX11yQM=",
      "requires": {
        "minimist": "0.0.8"
      }
    },
    "regenerator-runtime": {
      "version": "0.13.3",
      "resolved": "https://registry.npmjs.org/regenerator-runtime/-/regenerator-runtime-0.13.3.tgz",
      "integrity": "sha512-naKIZz2GQ8JWh///G7L3X6LaQUAMp2lvb1rvwwsURe/VXwD6VMfr+/1NuNw3ag8v2kY1aQ/go5SNn79O9JU7yw=="
    },
    "source-map": {
      "version": "0.6.1",
      "resolved": "https://registry.npmjs.org/source-map/-/source-map-0.6.1.tgz",
      "integrity": "sha512-UjgapumWlbMhkBgzT7Ykc5YXUT46F0iKu8SGXq0bcwP5dz/h0Plj6enJqjz1Zbq2l5WaqYnrVbwWOWMyF3F47g=="
    },
    "tiny-cookie": {
      "version": "2.3.1",
      "resolved": "https://registry.npmjs.org/tiny-cookie/-/tiny-cookie-2.3.1.tgz",
      "integrity": "sha512-C4x1e8dHfKf03ewuN9aIZzzOfN2a6QKhYlnHdzJxmmjMTLqcskI20F+EplszjODQ4SHmIGFJrvUUnBMS/bJbOA=="
    },
    "uglify-js": {
      "version": "3.6.1",
      "resolved": "https://registry.npmjs.org/uglify-js/-/uglify-js-3.6.1.tgz",
      "integrity": "sha512-+dSJLJpXBb6oMHP+Yvw8hUgElz4gLTh82XuX68QiJVTXaE5ibl6buzhNkQdYhBlIhozWOC9ge16wyRmjG4TwVQ==",
      "requires": {
        "commander": "2.20.0",
        "source-map": "~0.6.1"
      }
    },
    "vue-cookie-law": {
      "version": "1.10.0",
      "resolved": "https://registry.npmjs.org/vue-cookie-law/-/vue-cookie-law-1.10.0.tgz",
      "integrity": "sha512-5bj4TfZyGEDD71gQ2QoQQoJnxGzbIJh44KwCVXT7OO3/Cofk0PuJy9jZgoXQjiozF9nJg+lVZTfoAFjY9YPe3g==",
      "requires": {
        "tiny-cookie": "^2.1.1"
      }
    },
    "vuetify": {
      "version": "2.1.1",
      "resolved": "https://registry.npmjs.org/vuetify/-/vuetify-2.1.1.tgz",
      "integrity": "sha512-NVpJeJxm9cEY2L3xptxwMGihtBju2RhZjbGluDQ9epjzqIJATGXeVjjGHUhx4cWXwGGVvusVVacGFWcWWRHAxQ=="
    }
  }
}
